// !$*UTF8*$!
{
	archiveVersion = 1;
	classes = {
	};
	objectVersion = 46;
	objects = {

/* Begin PBXBuildFile section */
		448F762E1D3D507D00FF9774 /* AppDelegate.swift in Sources */ = {isa = PBXBuildFile; fileRef = 448F762D1D3D507D00FF9774 /* AppDelegate.swift */; };
		448F76301D3D507D00FF9774 /* ViewController.swift in Sources */ = {isa = PBXBuildFile; fileRef = 448F762F1D3D507D00FF9774 /* ViewController.swift */; };
		448F76331D3D507D00FF9774 /* Main.storyboard in Resources */ = {isa = PBXBuildFile; fileRef = 448F76311D3D507D00FF9774 /* Main.storyboard */; };
		448F76351D3D507D00FF9774 /* Assets.xcassets in Resources */ = {isa = PBXBuildFile; fileRef = 448F76341D3D507D00FF9774 /* Assets.xcassets */; };
		448F76381D3D507D00FF9774 /* LaunchScreen.storyboard in Resources */ = {isa = PBXBuildFile; fileRef = 448F76361D3D507D00FF9774 /* LaunchScreen.storyboard */; };
		448F76421D3D50DA00FF9774 /* Fabric.framework in Frameworks */ = {isa = PBXBuildFile; fileRef = 448F76401D3D50DA00FF9774 /* Fabric.framework */; };
		448F76431D3D50DA00FF9774 /* Crashlytics.framework in Frameworks */ = {isa = PBXBuildFile; fileRef = 448F76411D3D50DA00FF9774 /* Crashlytics.framework */; };
/* End PBXBuildFile section */

/* Begin PBXFileReference section */
		448F762A1D3D507D00FF9774 /* beta_test_2.app */ = {isa = PBXFileReference; explicitFileType = wrapper.application; includeInIndex = 0; path = beta_test_2.app; sourceTree = BUILT_PRODUCTS_DIR; };
		448F762D1D3D507D00FF9774 /* AppDelegate.swift */ = {isa = PBXFileReference; lastKnownFileType = sourcecode.swift; path = AppDelegate.swift; sourceTree = "<group>"; };
		448F762F1D3D507D00FF9774 /* ViewController.swift */ = {isa = PBXFileReference; lastKnownFileType = sourcecode.swift; path = ViewController.swift; sourceTree = "<group>"; };
		448F76321D3D507D00FF9774 /* Base */ = {isa = PBXFileReference; lastKnownFileType = file.storyboard; name = Base; path = Base.lproj/Main.storyboard; sourceTree = "<group>"; };
		448F76341D3D507D00FF9774 /* Assets.xcassets */ = {isa = PBXFileReference; lastKnownFileType = folder.assetcatalog; path = Assets.xcassets; sourceTree = "<group>"; };
		448F76371D3D507D00FF9774 /* Base */ = {isa = PBXFileReference; lastKnownFileType = file.storyboard; name = Base; path = Base.lproj/LaunchScreen.storyboard; sourceTree = "<group>"; };
		448F76391D3D507D00FF9774 /* Info.plist */ = {isa = PBXFileReference; lastKnownFileType = text.plist.xml; path = Info.plist; sourceTree = "<group>"; };
		448F76401D3D50DA00FF9774 /* Fabric.framework */ = {isa = PBXFileReference; lastKnownFileType = wrapper.framework; path = Fabric.framework; sourceTree = SOURCE_ROOT; };
		448F76411D3D50DA00FF9774 /* Crashlytics.framework */ = {isa = PBXFileReference; lastKnownFileType = wrapper.framework; path = Crashlytics.framework; sourceTree = SOURCE_ROOT; };
/* End PBXFileReference section */

/* Begin PBXFrameworksBuildPhase section */
		448F76271D3D507D00FF9774 /* Frameworks */ = {
			isa = PBXFrameworksBuildPhase;
			buildActionMask = 2147483647;
			files = (
				448F76431D3D50DA00FF9774 /* Crashlytics.framework in Frameworks */,
				448F76421D3D50DA00FF9774 /* Fabric.framework in Frameworks */,
			);
			runOnlyForDeploymentPostprocessing = 0;
		};
/* End PBXFrameworksBuildPhase section */

/* Begin PBXGroup section */
		448F76211D3D507D00FF9774 = {
			isa = PBXGroup;
			children = (
				448F762C1D3D507D00FF9774 /* beta_test_2 */,
				448F762B1D3D507D00FF9774 /* Products */,
			);
			sourceTree = "<group>";
		};
		448F762B1D3D507D00FF9774 /* Products */ = {
			isa = PBXGroup;
			children = (
				448F762A1D3D507D00FF9774 /* beta_test_2.app */,
			);
			name = Products;
			sourceTree = "<group>";
		};
		448F762C1D3D507D00FF9774 /* beta_test_2 */ = {
			isa = PBXGroup;
			children = (
				448F76401D3D50DA00FF9774 /* Fabric.framework */,
				448F76411D3D50DA00FF9774 /* Crashlytics.framework */,
				448F762D1D3D507D00FF9774 /* AppDelegate.swift */,
				448F762F1D3D507D00FF9774 /* ViewController.swift */,
				448F76311D3D507D00FF9774 /* Main.storyboard */,
				448F76341D3D507D00FF9774 /* Assets.xcassets */,
				448F76361D3D507D00FF9774 /* LaunchScreen.storyboard */,
				448F76391D3D507D00FF9774 /* Info.plist */,
			);
			path = beta_test_2;
			sourceTree = "<group>";
		};
/* End PBXGroup section */

/* Begin PBXNativeTarget section */
		448F76291D3D507D00FF9774 /* beta_test_2 */ = {
			isa = PBXNativeTarget;
			buildConfigurationList = 448F763C1D3D507D00FF9774 /* Build configuration list for PBXNativeTarget "beta_test_2" */;
			buildPhases = (
				448F76261D3D507D00FF9774 /* Sources */,
				448F76271D3D507D00FF9774 /* Frameworks */,
				448F76281D3D507D00FF9774 /* Resources */,
				448F763F1D3D50C800FF9774 /* ShellScript */,
			);
			buildRules = (
			);
			dependencies = (
			);
			name = beta_test_2;
			productName = beta_test_2;
			productReference = 448F762A1D3D507D00FF9774 /* beta_test_2.app */;
			productType = "com.apple.product-type.application";
		};
/* End PBXNativeTarget section */

/* Begin PBXProject section */
		448F76221D3D507D00FF9774 /* Project object */ = {
			isa = PBXProject;
			attributes = {
				LastSwiftUpdateCheck = 0730;
				LastUpgradeCheck = 0730;
				ORGANIZATIONNAME = Crashlytics;
				TargetAttributes = {
					448F76291D3D507D00FF9774 = {
						CreatedOnToolsVersion = 7.3.1;
					};
				};
			};
			buildConfigurationList = 448F76251D3D507D00FF9774 /* Build configuration list for PBXProject "beta_test_2" */;
			compatibilityVersion = "Xcode 3.2";
			developmentRegion = English;
			hasScannedForEncodings = 0;
			knownRegions = (
				en,
				Base,
			);
			mainGroup = 448F76211D3D507D00FF9774;
			productRefGroup = 448F762B1D3D507D00FF9774 /* Products */;
			projectDirPath = "";
			projectRoot = "";
			targets = (
				448F76291D3D507D00FF9774 /* beta_test_2 */,
			);
		};
/* End PBXProject section */

/* Begin PBXResourcesBuildPhase section */
		448F76281D3D507D00FF9774 /* Resources */ = {
			isa = PBXResourcesBuildPhase;
			buildActionMask = 2147483647;
			files = (
				448F76381D3D507D00FF9774 /* LaunchScreen.storyboard in Resources */,
				448F76351D3D507D00FF9774 /* Assets.xcassets in Resources */,
				448F76331D3D507D00FF9774 /* Main.storyboard in Resources */,
			);
			runOnlyForDeploymentPostprocessing = 0;
		};
/* End PBXResourcesBuildPhase section */

/* Begin PBXShellScriptBuildPhase section */
		448F763F1D3D50C800FF9774 /* ShellScript */ = {
			isa = PBXShellScriptBuildPhase;
			buildActionMask = 2147483647;
			files = (
			);
			inputPaths = (
			);
			outputPaths = (
			);
			runOnlyForDeploymentPostprocessing = 0;
			shellPath = /bin/sh;
			shellScript = "./Fabric.framework/run 0123456789012345678901234567890123456789 0123456789012345678901234567890123456789012345678901234567890123";
		};
/* End PBXShellScriptBuildPhase section */

/* Begin PBXSourcesBuildPhase section */
		448F76261D3D507D00FF9774 /* Sources */ = {
			isa = PBXSourcesBuildPhase;
			buildActionMask = 2147483647;
			files = (
				448F76301D3D507D00FF9774 /* ViewController.swift in Sources */,
				448F762E1D3D507D00FF9774 /* AppDelegate.swift in Sources */,
			);
			runOnlyForDeploymentPostprocessing = 0;
		};
/* End PBXSourcesBuildPhase section */

/* Begin PBXVariantGroup section */
		448F76311D3D507D00FF9774 /* Main.storyboard */ = {
			isa = PBXVariantGroup;
			children = (
				448F76321D3D507D00FF9774 /* Base */,
			);
			name = Main.storyboard;
			sourceTree = "<group>";
		};
		448F76361D3D507D00FF9774 /* LaunchScreen.storyboard */ = {
			isa = PBXVariantGroup;
			children = (
				448F76371D3D507D00FF9774 /* Base */,
			);
			name = LaunchScreen.storyboard;
			sourceTree = "<group>";
		};
/* End PBXVariantGroup section */

/* Begin XCBuildConfiguration section */
		448F763A1D3D507D00FF9774 /* Debug */ = {
			isa = XCBuildConfiguration;
			buildSettings = {
				ALWAYS_SEARCH_USER_PATHS = NO;
				CLANG_ANALYZER_NONNULL = YES;
				CLANG_CXX_LANGUAGE_STANDARD = "gnu++0x";
				CLANG_CXX_LIBRARY = "libc++";
				CLANG_ENABLE_MODULES = YES;
				CLANG_ENABLE_OBJC_ARC = YES;
				CLANG_WARN_BOOL_CONVERSION = YES;
				CLANG_WARN_CONSTANT_CONVERSION = YES;
				CLANG_WARN_DIRECT_OBJC_ISA_USAGE = YES_ERROR;
				CLANG_WARN_EMPTY_BODY = YES;
				CLANG_WARN_ENUM_CONVERSION = YES;
				CLANG_WARN_INT_CONVERSION = YES;
				CLANG_WARN_OBJC_ROOT_CLASS = YES_ERROR;
				CLANG_WARN_UNREACHABLE_CODE = YES;
				CLANG_WARN__DUPLICATE_METHOD_MATCH = YES;
				"CODE_SIGN_IDENTITY[sdk=iphoneos*]" = "iPhone Developer";
				COPY_PHASE_STRIP = NO;
				DEBUG_INFORMATION_FORMAT = dwarf;
				ENABLE_STRICT_OBJC_MSGSEND = YES;
				ENABLE_TESTABILITY = YES;
				GCC_C_LANGUAGE_STANDARD = gnu99;
				GCC_DYNAMIC_NO_PIC = NO;
				GCC_NO_COMMON_BLOCKS = YES;
				GCC_OPTIMIZATION_LEVEL = 0;
				GCC_PREPROCESSOR_DEFINITIONS = (
					"DEBUG=1",
					"$(inherited)",
				);
				GCC_WARN_64_TO_32_BIT_CONVERSION = YES;
				GCC_WARN_ABOUT_RETURN_TYPE = YES_ERROR;
				GCC_WARN_UNDECLARED_SELECTOR = YES;
				GCC_WARN_UNINITIALIZED_AUTOS = YES_AGGRESSIVE;
				GCC_WARN_UNUSED_FUNCTION = YES;
				GCC_WARN_UNUSED_VARIABLE = YES;
				IPHONEOS_DEPLOYMENT_TARGET = 9.3;
				MTL_ENABLE_DEBUG_INFO = YES;
				ONLY_ACTIVE_ARCH = YES;
				SDKROOT = iphoneos;
				SWIFT_OPTIMIZATION_LEVEL = "-Onone";
			};
			name = Debug;
		};
		448F763B1D3D507D00FF9774 /* Release */ = {
			isa = XCBuildConfiguration;
			buildSettings = {
				ALWAYS_SEARCH_USER_PATHS = NO;
				CLANG_ANALYZER_NONNULL = YES;
				CLANG_CXX_LANGUAGE_STANDARD = "gnu++0x";
				CLANG_CXX_LIBRARY = "libc++";
				CLANG_ENABLE_MODULES = YES;
				CLANG_ENABLE_OBJC_ARC = YES;
				CLANG_WARN_BOOL_CONVERSION = YES;
				CLANG_WARN_CONSTANT_CONVERSION = YES;
				CLANG_WARN_DIRECT_OBJC_ISA_USAGE = YES_ERROR;
				CLANG_WARN_EMPTY_BODY = YES;
				CLANG_WARN_ENUM_CONVERSION = YES;
				CLANG_WARN_INT_CONVERSION = YES;
				CLANG_WARN_OBJC_ROOT_CLASS = YES_ERROR;
				CLANG_WARN_UNREACHABLE_CODE = YES;
				CLANG_WARN__DUPLICATE_METHOD_MATCH = YES;
				"CODE_SIGN_IDENTITY[sdk=iphoneos*]" = "iPhone Developer";
				COPY_PHASE_STRIP = NO;
				DEBUG_INFORMATION_FORMAT = "dwarf-with-dsym";
				ENABLE_NS_ASSERTIONS = NO;
				ENABLE_STRICT_OBJC_MSGSEND = YES;
				GCC_C_LANGUAGE_STANDARD = gnu99;
				GCC_NO_COMMON_BLOCKS = YES;
				GCC_WARN_64_TO_32_BIT_CONVERSION = YES;
				GCC_WARN_ABOUT_RETURN_TYPE = YES_ERROR;
				GCC_WARN_UNDECLARED_SELECTOR = YES;
				GCC_WARN_UNINITIALIZED_AUTOS = YES_AGGRESSIVE;
				GCC_WARN_UNUSED_FUNCTION = YES;
				GCC_WARN_UNUSED_VARIABLE = YES;
				IPHONEOS_DEPLOYMENT_TARGET = 9.3;
				MTL_ENABLE_DEBUG_INFO = NO;
				SDKROOT = iphoneos;
				VALIDATE_PRODUCT = YES;
			};
			name = Release;
		};
		448F763D1D3D507D00FF9774 /* Debug */ = {
			isa = XCBuildConfiguration;
			buildSettings = {
				ASSETCATALOG_COMPILER_APPICON_NAME = AppIcon;
				FRAMEWORK_SEARCH_PATHS = (
					"$(inherited)",
					"$(PROJECT_DIR)",
				);
				INFOPLIST_FILE = beta_test_2/Info.plist;
				LD_RUNPATH_SEARCH_PATHS = "$(inherited) @executable_path/Frameworks";
				PRODUCT_BUNDLE_IDENTIFIER = "com.crashlytics.beta-test-2";
				PRODUCT_NAME = "$(TARGET_NAME)";
			};
			name = Debug;
		};
		448F763E1D3D507D00FF9774 /* Release */ = {
			isa = XCBuildConfiguration;
			buildSettings = {
				ASSETCATALOG_COMPILER_APPICON_NAME = AppIcon;
				FRAMEWORK_SEARCH_PATHS = (
					"$(inherited)",
					"$(PROJECT_DIR)",
				);
				INFOPLIST_FILE = beta_test_2/Info.plist;
				LD_RUNPATH_SEARCH_PATHS = "$(inherited) @executable_path/Frameworks";
				PRODUCT_BUNDLE_IDENTIFIER = "com.crashlytics.beta-test-2";
				PRODUCT_NAME = "$(TARGET_NAME)";
			};
			name = Release;
		};
/* End XCBuildConfiguration section */

/* Begin XCConfigurationList section */
		448F76251D3D507D00FF9774 /* Build configuration list for PBXProject "beta_test_2" */ = {
			isa = XCConfigurationList;
			buildConfigurations = (
				448F763A1D3D507D00FF9774 /* Debug */,
				448F763B1D3D507D00FF9774 /* Release */,
			);
			defaultConfigurationIsVisible = 0;
			defaultConfigurationName = Release;
		};
		448F763C1D3D507D00FF9774 /* Build configuration list for PBXNativeTarget "beta_test_2" */ = {
			isa = XCConfigurationList;
			buildConfigurations = (
				448F763D1D3D507D00FF9774 /* Debug */,
				448F763E1D3D507D00FF9774 /* Release */,
			);
			defaultConfigurationIsVisible = 0;
		};
/* End XCConfigurationList section */
	};
	rootObject = 448F76221D3D507D00FF9774 /* Project object */;
}
