<?xml version="1.0" encoding="UTF-8"?>
<Scheme
   LastUpgradeVersion = "0700"
   version = "1.3">
   <BuildAction
      parallelizeBuildables = "YES"
      buildImplicitDependencies = "YES">
      <BuildActionEntries>
         <BuildActionEntry
            buildForTesting = "YES"
            buildForRunning = "YES"
            buildForProfiling = "YES"
            buildForArchiving = "YES"
            buildForAnalyzing = "YES">
            <BuildableReference
               BuildableIdentifier = "primary"
               BlueprintIdentifier = "CAB109121B7A641500F53B5F"
               BuildableName = "With Spaces WatchKit 1 App.app"
               BlueprintName = "With Spaces WatchKit 1 App"
               ReferencedContainer = "container:With Spaces.xcodeproj">
            </BuildableReference>
         </BuildActionEntry>
         <BuildActionEntry
            buildForTesting = "YES"
            buildForRunning = "YES"
            buildForProfiling = "YES"
            buildForArchiving = "YES"
            buildForAnalyzing = "YES">
            <BuildableReference
               BuildableIdentifier = "primary"
               BlueprintIdentifier = "CAA5624F1B7A5A39007AECEF"
               BuildableName = "With Spaces.app"
               BlueprintName = "With Spaces"
               ReferencedContainer = "container:With Spaces.xcodeproj">
            </BuildableReference>
         </BuildActionEntry>
         <BuildActionEntry
            buildForTesting = "YES"
            buildForRunning = "YES"
            buildForProfiling = "YES"
            buildForArchiving = "YES"
            buildForAnalyzing = "YES">
            <BuildableReference
               BuildableIdentifier = "primary"
               BlueprintIdentifier = "CAB109031B7A641500F53B5F"
               BuildableName = "With Spaces WatchKit 1 Extension.appex"
               BlueprintName = "With Spaces WatchKit 1 Extension"
               ReferencedContainer = "container:With Spaces.xcodeproj">
            </BuildableReference>
         </BuildActionEntry>
      </BuildActionEntries>
   </BuildAction>
   <TestAction
      buildConfiguration = "Debug"
      selectedDebuggerIdentifier = "Xcode.DebuggerFoundation.Debugger.LLDB"
      selectedLauncherIdentifier = "Xcode.DebuggerFoundation.Launcher.LLDB"
      shouldUseLaunchSchemeArgsEnv = "YES">
      <Testables>
      </Testables>
      <MacroExpansion>
         <BuildableReference
            BuildableIdentifier = "primary"
            BlueprintIdentifier = "CAB109121B7A641500F53B5F"
            BuildableName = "With Spaces WatchKit 1 App.app"
            BlueprintName = "With Spaces WatchKit 1 App"
            ReferencedContainer = "container:With Spaces.xcodeproj">
         </BuildableReference>
      </MacroExpansion>
      <AdditionalOptions>
      </AdditionalOptions>
   </TestAction>
   <LaunchAction
      buildConfiguration = "Debug"
      selectedDebuggerIdentifier = "Xcode.DebuggerFoundation.Debugger.LLDB"
      selectedLauncherIdentifier = "Xcode.DebuggerFoundation.Launcher.LLDB"
      launchStyle = "0"
      useCustomWorkingDirectory = "NO"
      ignoresPersistentStateOnLaunch = "NO"
      debugDocumentVersioning = "YES"
      debugServiceExtension = "internal"
      allowLocationSimulation = "YES">
      <RemoteRunnable
         runnableDebuggingMode = "2"
         BundleIdentifier = "com.apple.carousel"
         RemotePath = "/With Spaces">
         <BuildableReference
            BuildableIdentifier = "primary"
            BlueprintIdentifier = "CAB109121B7A641500F53B5F"
            BuildableName = "With Spaces WatchKit 1 App.app"
            BlueprintName = "With Spaces WatchKit 1 App"
            ReferencedContainer = "container:With Spaces.xcodeproj">
         </BuildableReference>
      </RemoteRunnable>
      <MacroExpansion>
         <BuildableReference
            BuildableIdentifier = "primary"
            BlueprintIdentifier = "CAB109121B7A641500F53B5F"
            BuildableName = "With Spaces WatchKit 1 App.app"
            BlueprintName = "With Spaces WatchKit 1 App"
            ReferencedContainer = "container:With Spaces.xcodeproj">
         </BuildableReference>
      </MacroExpansion>
      <AdditionalOptions>
      </AdditionalOptions>
   </LaunchAction>
   <ProfileAction
      buildConfiguration = "Release"
      shouldUseLaunchSchemeArgsEnv = "YES"
      savedToolIdentifier = ""
      useCustomWorkingDirectory = "NO"
      debugDocumentVersioning = "YES">
      <RemoteRunnable
         runnableDebuggingMode = "2"
         BundleIdentifier = "com.apple.carousel"
         RemotePath = "/With Spaces">
         <BuildableReference
            BuildableIdentifier = "primary"
            BlueprintIdentifier = "CAB109121B7A641500F53B5F"
            BuildableName = "With Spaces WatchKit 1 App.app"
            BlueprintName = "With Spaces WatchKit 1 App"
            ReferencedContainer = "container:With Spaces.xcodeproj">
         </BuildableReference>
      </RemoteRunnable>
      <MacroExpansion>
         <BuildableReference
            BuildableIdentifier = "primary"
            BlueprintIdentifier = "CAB109121B7A641500F53B5F"
            BuildableName = "With Spaces WatchKit 1 App.app"
            BlueprintName = "With Spaces WatchKit 1 App"
            ReferencedContainer = "container:With Spaces.xcodeproj">
         </BuildableReference>
      </MacroExpansion>
   </ProfileAction>
   <AnalyzeAction
      buildConfiguration = "Debug">
   </AnalyzeAction>
   <ArchiveAction
      buildConfiguration = "Release"
      revealArchiveInOrganizer = "YES">
   </ArchiveAction>
</Scheme>
