// !$*UTF8*$!
{
	archiveVersion = 1;
	classes = {
	};
	objectVersion = 46;
	objects = {

/* Begin PBXBuildFile section */
		CA7BF6BA1C33280500A161B3 /* main.m in Sources */ = {isa = PBXBuildFile; fileRef = CA7BF6B91C33280500A161B3 /* main.m */; };
		CA7BF6BD1C33280500A161B3 /* AppDelegate.m in Sources */ = {isa = PBXBuildFile; fileRef = CA7BF6BC1C33280500A161B3 /* AppDelegate.m */; };
		CA7BF6C01C33280500A161B3 /* FirstViewController.m in Sources */ = {isa = PBXBuildFile; fileRef = CA7BF6BF1C33280500A161B3 /* FirstViewController.m */; };
		CA7BF6C31C33280500A161B3 /* SecondViewController.m in Sources */ = {isa = PBXBuildFile; fileRef = CA7BF6C21C33280500A161B3 /* SecondViewController.m */; };
		CA7BF6C61C33280500A161B3 /* Main.storyboard in Resources */ = {isa = PBXBuildFile; fileRef = CA7BF6C41C33280500A161B3 /* Main.storyboard */; };
		CA7BF6C81C33280500A161B3 /* Assets.xcassets in Resources */ = {isa = PBXBuildFile; fileRef = CA7BF6C71C33280500A161B3 /* Assets.xcassets */; };
/* End PBXBuildFile section */

/* Begin PBXFileReference section */
		CA7BF6B51C33280500A161B3 /* tvapp.app */ = {isa = PBXFileReference; explicitFileType = wrapper.application; includeInIndex = 0; path = tvapp.app; sourceTree = BUILT_PRODUCTS_DIR; };
		CA7BF6B91C33280500A161B3 /* main.m */ = {isa = PBXFileReference; lastKnownFileType = sourcecode.c.objc; path = main.m; sourceTree = "<group>"; };
		CA7BF6BB1C33280500A161B3 /* AppDelegate.h */ = {isa = PBXFileReference; lastKnownFileType = sourcecode.c.h; path = AppDelegate.h; sourceTree = "<group>"; };
		CA7BF6BC1C33280500A161B3 /* AppDelegate.m */ = {isa = PBXFileReference; lastKnownFileType = sourcecode.c.objc; path = AppDelegate.m; sourceTree = "<group>"; };
		CA7BF6BE1C33280500A161B3 /* FirstViewController.h */ = {isa = PBXFileReference; lastKnownFileType = sourcecode.c.h; path = FirstViewController.h; sourceTree = "<group>"; };
		CA7BF6BF1C33280500A161B3 /* FirstViewController.m */ = {isa = PBXFileReference; lastKnownFileType = sourcecode.c.objc; path = FirstViewController.m; sourceTree = "<group>"; };
		CA7BF6C11C33280500A161B3 /* SecondViewController.h */ = {isa = PBXFileReference; lastKnownFileType = sourcecode.c.h; path = SecondViewController.h; sourceTree = "<group>"; };
		CA7BF6C21C33280500A161B3 /* SecondViewController.m */ = {isa = PBXFileReference; lastKnownFileType = sourcecode.c.objc; path = SecondViewController.m; sourceTree = "<group>"; };
		CA7BF6C51C33280500A161B3 /* Base */ = {isa = PBXFileReference; lastKnownFileType = file.storyboard; name = Base; path = Base.lproj/Main.storyboard; sourceTree = "<group>"; };
		CA7BF6C71C33280500A161B3 /* Assets.xcassets */ = {isa = PBXFileReference; lastKnownFileType = folder.assetcatalog; path = Assets.xcassets; sourceTree = "<group>"; };
		CA7BF6C91C33280500A161B3 /* Info.plist */ = {isa = PBXFileReference; lastKnownFileType = text.plist.xml; path = Info.plist; sourceTree = "<group>"; };
/* End PBXFileReference section */

/* Begin PBXFrameworksBuildPhase section */
		CA7BF6B21C33280500A161B3 /* Frameworks */ = {
			isa = PBXFrameworksBuildPhase;
			buildActionMask = 2147483647;
			files = (
			);
			runOnlyForDeploymentPostprocessing = 0;
		};
/* End PBXFrameworksBuildPhase section */

/* Begin PBXGroup section */
		CA7BF6AC1C33280500A161B3 = {
			isa = PBXGroup;
			children = (
				CA7BF6B71C33280500A161B3 /* tvapp */,
				CA7BF6B61C33280500A161B3 /* Products */,
			);
			sourceTree = "<group>";
		};
		CA7BF6B61C33280500A161B3 /* Products */ = {
			isa = PBXGroup;
			children = (
				CA7BF6B51C33280500A161B3 /* tvapp.app */,
			);
			name = Products;
			sourceTree = "<group>";
		};
		CA7BF6B71C33280500A161B3 /* tvapp */ = {
			isa = PBXGroup;
			children = (
				CA7BF6BB1C33280500A161B3 /* AppDelegate.h */,
				CA7BF6BC1C33280500A161B3 /* AppDelegate.m */,
				CA7BF6BE1C33280500A161B3 /* FirstViewController.h */,
				CA7BF6BF1C33280500A161B3 /* FirstViewController.m */,
				CA7BF6C11C33280500A161B3 /* SecondViewController.h */,
				CA7BF6C21C33280500A161B3 /* SecondViewController.m */,
				CA7BF6C41C33280500A161B3 /* Main.storyboard */,
				CA7BF6C71C33280500A161B3 /* Assets.xcassets */,
				CA7BF6C91C33280500A161B3 /* Info.plist */,
				CA7BF6B81C33280500A161B3 /* Supporting Files */,
			);
			path = tvapp;
			sourceTree = "<group>";
		};
		CA7BF6B81C33280500A161B3 /* Supporting Files */ = {
			isa = PBXGroup;
			children = (
				CA7BF6B91C33280500A161B3 /* main.m */,
			);
			name = "Supporting Files";
			sourceTree = "<group>";
		};
/* End PBXGroup section */

/* Begin PBXNativeTarget section */
		CA7BF6B41C33280500A161B3 /* tvapp */ = {
			isa = PBXNativeTarget;
			buildConfigurationList = CA7BF6CC1C33280500A161B3 /* Build configuration list for PBXNativeTarget "tvapp" */;
			buildPhases = (
				CA7BF6B11C33280500A161B3 /* Sources */,
				CA7BF6B21C33280500A161B3 /* Frameworks */,
				CA7BF6B31C33280500A161B3 /* Resources */,
			);
			buildRules = (
			);
			dependencies = (
			);
			name = tvapp;
			productName = tvapp;
			productReference = CA7BF6B51C33280500A161B3 /* tvapp.app */;
			productType = "com.apple.product-type.application";
		};
/* End PBXNativeTarget section */

/* Begin PBXProject section */
		CA7BF6AD1C33280500A161B3 /* Project object */ = {
			isa = PBXProject;
			attributes = {
				LastUpgradeCheck = 0720;
				ORGANIZATIONNAME = "Felix Krause";
				TargetAttributes = {
					CA7BF6B41C33280500A161B3 = {
						CreatedOnToolsVersion = 7.2;
					};
				};
			};
			buildConfigurationList = CA7BF6B01C33280500A161B3 /* Build configuration list for PBXProject "tvapp" */;
			compatibilityVersion = "Xcode 3.2";
			developmentRegion = English;
			hasScannedForEncodings = 0;
			knownRegions = (
				en,
				Base,
			);
			mainGroup = CA7BF6AC1C33280500A161B3;
			productRefGroup = CA7BF6B61C33280500A161B3 /* Products */;
			projectDirPath = "";
			projectRoot = "";
			targets = (
				CA7BF6B41C33280500A161B3 /* tvapp */,
			);
		};
/* End PBXProject section */

/* Begin PBXResourcesBuildPhase section */
		CA7BF6B31C33280500A161B3 /* Resources */ = {
			isa = PBXResourcesBuildPhase;
			buildActionMask = 2147483647;
			files = (
				CA7BF6C81C33280500A161B3 /* Assets.xcassets in Resources */,
				CA7BF6C61C33280500A161B3 /* Main.storyboard in Resources */,
			);
			runOnlyForDeploymentPostprocessing = 0;
		};
/* End PBXResourcesBuildPhase section */

/* Begin PBXSourcesBuildPhase section */
		CA7BF6B11C33280500A161B3 /* Sources */ = {
			isa = PBXSourcesBuildPhase;
			buildActionMask = 2147483647;
			files = (
				CA7BF6C31C33280500A161B3 /* SecondViewController.m in Sources */,
				CA7BF6BD1C33280500A161B3 /* AppDelegate.m in Sources */,
				CA7BF6C01C33280500A161B3 /* FirstViewController.m in Sources */,
				CA7BF6BA1C33280500A161B3 /* main.m in Sources */,
			);
			runOnlyForDeploymentPostprocessing = 0;
		};
/* End PBXSourcesBuildPhase section */

/* Begin PBXVariantGroup section */
		CA7BF6C41C33280500A161B3 /* Main.storyboard */ = {
			isa = PBXVariantGroup;
			children = (
				CA7BF6C51C33280500A161B3 /* Base */,
			);
			name = Main.storyboard;
			sourceTree = "<group>";
		};
/* End PBXVariantGroup section */

/* Begin XCBuildConfiguration section */
		CA7BF6CA1C33280500A161B3 /* Debug */ = {
			isa = XCBuildConfiguration;
			buildSettings = {
				ALWAYS_SEARCH_USER_PATHS = NO;
				CLANG_CXX_LANGUAGE_STANDARD = "gnu++0x";
				CLANG_CXX_LIBRARY = "libc++";
				CLANG_ENABLE_MODULES = YES;
				CLANG_ENABLE_OBJC_ARC = YES;
				CLANG_WARN_BOOL_CONVERSION = YES;
				CLANG_WARN_CONSTANT_CONVERSION = YES;
				CLANG_WARN_DIRECT_OBJC_ISA_USAGE = YES_ERROR;
				CLANG_WARN_EMPTY_BODY = YES;
				CLANG_WARN_ENUM_CONVERSION = YES;
				CLANG_WARN_INT_CONVERSION = YES;
				CLANG_WARN_OBJC_ROOT_CLASS = YES_ERROR;
				CLANG_WARN_UNREACHABLE_CODE = YES;
				CLANG_WARN__DUPLICATE_METHOD_MATCH = YES;
				COPY_PHASE_STRIP = NO;
				DEBUG_INFORMATION_FORMAT = dwarf;
				ENABLE_STRICT_OBJC_MSGSEND = YES;
				ENABLE_TESTABILITY = YES;
				GCC_C_LANGUAGE_STANDARD = gnu99;
				GCC_DYNAMIC_NO_PIC = NO;
				GCC_NO_COMMON_BLOCKS = YES;
				GCC_OPTIMIZATION_LEVEL = 0;
				GCC_PREPROCESSOR_DEFINITIONS = (
					"DEBUG=1",
					"$(inherited)",
				);
				GCC_WARN_64_TO_32_BIT_CONVERSION = YES;
				GCC_WARN_ABOUT_RETURN_TYPE = YES_ERROR;
				GCC_WARN_UNDECLARED_SELECTOR = YES;
				GCC_WARN_UNINITIALIZED_AUTOS = YES_AGGRESSIVE;
				GCC_WARN_UNUSED_FUNCTION = YES;
				GCC_WARN_UNUSED_VARIABLE = YES;
				MTL_ENABLE_DEBUG_INFO = YES;
				ONLY_ACTIVE_ARCH = YES;
				SDKROOT = appletvos;
				TARGETED_DEVICE_FAMILY = 3;
				TVOS_DEPLOYMENT_TARGET = 9.1;
			};
			name = Debug;
		};
		CA7BF6CB1C33280500A161B3 /* Release */ = {
			isa = XCBuildConfiguration;
			buildSettings = {
				ALWAYS_SEARCH_USER_PATHS = NO;
				CLANG_CXX_LANGUAGE_STANDARD = "gnu++0x";
				CLANG_CXX_LIBRARY = "libc++";
				CLANG_ENABLE_MODULES = YES;
				CLANG_ENABLE_OBJC_ARC = YES;
				CLANG_WARN_BOOL_CONVERSION = YES;
				CLANG_WARN_CONSTANT_CONVERSION = YES;
				CLANG_WARN_DIRECT_OBJC_ISA_USAGE = YES_ERROR;
				CLANG_WARN_EMPTY_BODY = YES;
				CLANG_WARN_ENUM_CONVERSION = YES;
				CLANG_WARN_INT_CONVERSION = YES;
				CLANG_WARN_OBJC_ROOT_CLASS = YES_ERROR;
				CLANG_WARN_UNREACHABLE_CODE = YES;
				CLANG_WARN__DUPLICATE_METHOD_MATCH = YES;
				COPY_PHASE_STRIP = NO;
				DEBUG_INFORMATION_FORMAT = "dwarf-with-dsym";
				ENABLE_NS_ASSERTIONS = NO;
				ENABLE_STRICT_OBJC_MSGSEND = YES;
				GCC_C_LANGUAGE_STANDARD = gnu99;
				GCC_NO_COMMON_BLOCKS = YES;
				GCC_WARN_64_TO_32_BIT_CONVERSION = YES;
				GCC_WARN_ABOUT_RETURN_TYPE = YES_ERROR;
				GCC_WARN_UNDECLARED_SELECTOR = YES;
				GCC_WARN_UNINITIALIZED_AUTOS = YES_AGGRESSIVE;
				GCC_WARN_UNUSED_FUNCTION = YES;
				GCC_WARN_UNUSED_VARIABLE = YES;
				MTL_ENABLE_DEBUG_INFO = NO;
				SDKROOT = appletvos;
				TARGETED_DEVICE_FAMILY = 3;
				TVOS_DEPLOYMENT_TARGET = 9.1;
				VALIDATE_PRODUCT = YES;
			};
			name = Release;
		};
		CA7BF6CD1C33280500A161B3 /* Debug */ = {
			isa = XCBuildConfiguration;
			buildSettings = {
				ASSETCATALOG_COMPILER_APPICON_NAME = "App Icon & Top Shelf Image";
				ASSETCATALOG_COMPILER_LAUNCHIMAGE_NAME = LaunchImage;
				INFOPLIST_FILE = tvapp/Info.plist;
				LD_RUNPATH_SEARCH_PATHS = "$(inherited) @executable_path/Frameworks";
				PRODUCT_BUNDLE_IDENTIFIER = tools.fastlane.tvapp;
				PRODUCT_NAME = "$(TARGET_NAME)";
			};
			name = Debug;
		};
		CA7BF6CE1C33280500A161B3 /* Release */ = {
			isa = XCBuildConfiguration;
			buildSettings = {
				ASSETCATALOG_COMPILER_APPICON_NAME = "App Icon & Top Shelf Image";
				ASSETCATALOG_COMPILER_LAUNCHIMAGE_NAME = LaunchImage;
				INFOPLIST_FILE = tvapp/Info.plist;
				LD_RUNPATH_SEARCH_PATHS = "$(inherited) @executable_path/Frameworks";
				PRODUCT_BUNDLE_IDENTIFIER = tools.fastlane.tvapp;
				PRODUCT_NAME = "$(TARGET_NAME)";
			};
			name = Release;
		};
/* End XCBuildConfiguration section */

/* Begin XCConfigurationList section */
		CA7BF6B01C33280500A161B3 /* Build configuration list for PBXProject "tvapp" */ = {
			isa = XCConfigurationList;
			buildConfigurations = (
				CA7BF6CA1C33280500A161B3 /* Debug */,
				CA7BF6CB1C33280500A161B3 /* Release */,
			);
			defaultConfigurationIsVisible = 0;
			defaultConfigurationName = Release;
		};
		CA7BF6CC1C33280500A161B3 /* Build configuration list for PBXNativeTarget "tvapp" */ = {
			isa = XCConfigurationList;
			buildConfigurations = (
				CA7BF6CD1C33280500A161B3 /* Debug */,
				CA7BF6CE1C33280500A161B3 /* Release */,
			);
			defaultConfigurationIsVisible = 0;
		};
/* End XCConfigurationList section */
	};
	rootObject = CA7BF6AD1C33280500A161B3 /* Project object */;
}
