// !$*UTF8*$!
{
	archiveVersion = 1;
	classes = {
	};
	objectVersion = 48;
	objects = {

/* Begin PBXBuildFile section */
		B83E0CDE2061E2CB00DEE246 /* AppDelegate.swift in Sources */ = {isa = PBXBuildFile; fileRef = B83E0CDD2061E2CB00DEE246 /* AppDelegate.swift */; };
		B83E0CE02061E2CB00DEE246 /* ViewController.swift in Sources */ = {isa = PBXBuildFile; fileRef = B83E0CDF2061E2CB00DEE246 /* ViewController.swift */; };
		B83E0CE32061E2CB00DEE246 /* Main.storyboard in Resources */ = {isa = PBXBuildFile; fileRef = B83E0CE12061E2CB00DEE246 /* Main.storyboard */; };
		B83E0CE52061E2CB00DEE246 /* Assets.xcassets in Resources */ = {isa = PBXBuildFile; fileRef = B83E0CE42061E2CB00DEE246 /* Assets.xcassets */; };
		B83E0CE82061E2CB00DEE246 /* LaunchScreen.storyboard in Resources */ = {isa = PBXBuildFile; fileRef = B83E0CE62061E2CB00DEE246 /* LaunchScreen.storyboard */; };
/* End PBXBuildFile section */

/* Begin PBXFileReference section */
		B83E0CDA2061E2CB00DEE246 /* WorkspaceSchemesApp.app */ = {isa = PBXFileReference; explicitFileType = wrapper.application; includeInIndex = 0; path = WorkspaceSchemesApp.app; sourceTree = BUILT_PRODUCTS_DIR; };
		B83E0CDD2061E2CB00DEE246 /* AppDelegate.swift */ = {isa = PBXFileReference; lastKnownFileType = sourcecode.swift; path = AppDelegate.swift; sourceTree = "<group>"; };
		B83E0CDF2061E2CB00DEE246 /* ViewController.swift */ = {isa = PBXFileReference; lastKnownFileType = sourcecode.swift; path = ViewController.swift; sourceTree = "<group>"; };
		B83E0CE22061E2CB00DEE246 /* Base */ = {isa = PBXFileReference; lastKnownFileType = file.storyboard; name = Base; path = Base.lproj/Main.storyboard; sourceTree = "<group>"; };
		B83E0CE42061E2CB00DEE246 /* Assets.xcassets */ = {isa = PBXFileReference; lastKnownFileType = folder.assetcatalog; path = Assets.xcassets; sourceTree = "<group>"; };
		B83E0CE72061E2CB00DEE246 /* Base */ = {isa = PBXFileReference; lastKnownFileType = file.storyboard; name = Base; path = Base.lproj/LaunchScreen.storyboard; sourceTree = "<group>"; };
		B83E0CE92061E2CB00DEE246 /* Info.plist */ = {isa = PBXFileReference; lastKnownFileType = text.plist.xml; path = Info.plist; sourceTree = "<group>"; };
/* End PBXFileReference section */

/* Begin PBXFrameworksBuildPhase section */
		B83E0CD72061E2CB00DEE246 /* Frameworks */ = {
			isa = PBXFrameworksBuildPhase;
			buildActionMask = 2147483647;
			files = (
			);
			runOnlyForDeploymentPostprocessing = 0;
		};
/* End PBXFrameworksBuildPhase section */

/* Begin PBXGroup section */
		B83E0CD12061E2CB00DEE246 = {
			isa = PBXGroup;
			children = (
				B83E0CDC2061E2CB00DEE246 /* WorkspaceSchemesApp */,
				B83E0CDB2061E2CB00DEE246 /* Products */,
			);
			sourceTree = "<group>";
		};
		B83E0CDB2061E2CB00DEE246 /* Products */ = {
			isa = PBXGroup;
			children = (
				B83E0CDA2061E2CB00DEE246 /* WorkspaceSchemesApp.app */,
			);
			name = Products;
			sourceTree = "<group>";
		};
		B83E0CDC2061E2CB00DEE246 /* WorkspaceSchemesApp */ = {
			isa = PBXGroup;
			children = (
				B83E0CDD2061E2CB00DEE246 /* AppDelegate.swift */,
				B83E0CDF2061E2CB00DEE246 /* ViewController.swift */,
				B83E0CE12061E2CB00DEE246 /* Main.storyboard */,
				B83E0CE42061E2CB00DEE246 /* Assets.xcassets */,
				B83E0CE62061E2CB00DEE246 /* LaunchScreen.storyboard */,
				B83E0CE92061E2CB00DEE246 /* Info.plist */,
			);
			path = WorkspaceSchemesApp;
			sourceTree = "<group>";
		};
/* End PBXGroup section */

/* Begin PBXNativeTarget section */
		B83E0CD92061E2CB00DEE246 /* WorkspaceSchemesApp */ = {
			isa = PBXNativeTarget;
			buildConfigurationList = B83E0CEC2061E2CB00DEE246 /* Build configuration list for PBXNativeTarget "WorkspaceSchemesApp" */;
			buildPhases = (
				B83E0CD62061E2CB00DEE246 /* Sources */,
				B83E0CD72061E2CB00DEE246 /* Frameworks */,
				B83E0CD82061E2CB00DEE246 /* Resources */,
			);
			buildRules = (
			);
			dependencies = (
			);
			name = WorkspaceSchemesApp;
			productName = WorkspaceSchemesApp;
			productReference = B83E0CDA2061E2CB00DEE246 /* WorkspaceSchemesApp.app */;
			productType = "com.apple.product-type.application";
		};
/* End PBXNativeTarget section */

/* Begin PBXProject section */
		B83E0CD22061E2CB00DEE246 /* Project object */ = {
			isa = PBXProject;
			attributes = {
				LastSwiftUpdateCheck = 0920;
				LastUpgradeCheck = 0920;
				ORGANIZATIONNAME = Trello;
				TargetAttributes = {
					B83E0CD92061E2CB00DEE246 = {
						CreatedOnToolsVersion = 9.2;
						ProvisioningStyle = Automatic;
					};
				};
			};
			buildConfigurationList = B83E0CD52061E2CB00DEE246 /* Build configuration list for PBXProject "WorkspaceSchemesApp" */;
			compatibilityVersion = "Xcode 8.0";
			developmentRegion = en;
			hasScannedForEncodings = 0;
			knownRegions = (
				en,
				Base,
			);
			mainGroup = B83E0CD12061E2CB00DEE246;
			productRefGroup = B83E0CDB2061E2CB00DEE246 /* Products */;
			projectDirPath = "";
			projectRoot = "";
			targets = (
				B83E0CD92061E2CB00DEE246 /* WorkspaceSchemesApp */,
			);
		};
/* End PBXProject section */

/* Begin PBXResourcesBuildPhase section */
		B83E0CD82061E2CB00DEE246 /* Resources */ = {
			isa = PBXResourcesBuildPhase;
			buildActionMask = 2147483647;
			files = (
				B83E0CE82061E2CB00DEE246 /* LaunchScreen.storyboard in Resources */,
				B83E0CE52061E2CB00DEE246 /* Assets.xcassets in Resources */,
				B83E0CE32061E2CB00DEE246 /* Main.storyboard in Resources */,
			);
			runOnlyForDeploymentPostprocessing = 0;
		};
/* End PBXResourcesBuildPhase section */

/* Begin PBXSourcesBuildPhase section */
		B83E0CD62061E2CB00DEE246 /* Sources */ = {
			isa = PBXSourcesBuildPhase;
			buildActionMask = 2147483647;
			files = (
				B83E0CE02061E2CB00DEE246 /* ViewController.swift in Sources */,
				B83E0CDE2061E2CB00DEE246 /* AppDelegate.swift in Sources */,
			);
			runOnlyForDeploymentPostprocessing = 0;
		};
/* End PBXSourcesBuildPhase section */

/* Begin PBXVariantGroup section */
		B83E0CE12061E2CB00DEE246 /* Main.storyboard */ = {
			isa = PBXVariantGroup;
			children = (
				B83E0CE22061E2CB00DEE246 /* Base */,
			);
			name = Main.storyboard;
			sourceTree = "<group>";
		};
		B83E0CE62061E2CB00DEE246 /* LaunchScreen.storyboard */ = {
			isa = PBXVariantGroup;
			children = (
				B83E0CE72061E2CB00DEE246 /* Base */,
			);
			name = LaunchScreen.storyboard;
			sourceTree = "<group>";
		};
/* End PBXVariantGroup section */

/* Begin XCBuildConfiguration section */
		B83E0CEA2061E2CB00DEE246 /* Debug */ = {
			isa = XCBuildConfiguration;
			buildSettings = {
				ALWAYS_SEARCH_USER_PATHS = NO;
				CLANG_ANALYZER_NONNULL = YES;
				CLANG_ANALYZER_NUMBER_OBJECT_CONVERSION = YES_AGGRESSIVE;
				CLANG_CXX_LANGUAGE_STANDARD = "gnu++14";
				CLANG_CXX_LIBRARY = "libc++";
				CLANG_ENABLE_MODULES = YES;
				CLANG_ENABLE_OBJC_ARC = YES;
				CLANG_WARN_BLOCK_CAPTURE_AUTORELEASING = YES;
				CLANG_WARN_BOOL_CONVERSION = YES;
				CLANG_WARN_COMMA = YES;
				CLANG_WARN_CONSTANT_CONVERSION = YES;
				CLANG_WARN_DIRECT_OBJC_ISA_USAGE = YES_ERROR;
				CLANG_WARN_DOCUMENTATION_COMMENTS = YES;
				CLANG_WARN_EMPTY_BODY = YES;
				CLANG_WARN_ENUM_CONVERSION = YES;
				CLANG_WARN_INFINITE_RECURSION = YES;
				CLANG_WARN_INT_CONVERSION = YES;
				CLANG_WARN_NON_LITERAL_NULL_CONVERSION = YES;
				CLANG_WARN_OBJC_LITERAL_CONVERSION = YES;
				CLANG_WARN_OBJC_ROOT_CLASS = YES_ERROR;
				CLANG_WARN_RANGE_LOOP_ANALYSIS = YES;
				CLANG_WARN_STRICT_PROTOTYPES = YES;
				CLANG_WARN_SUSPICIOUS_MOVE = YES;
				CLANG_WARN_UNGUARDED_AVAILABILITY = YES_AGGRESSIVE;
				CLANG_WARN_UNREACHABLE_CODE = YES;
				CLANG_WARN__DUPLICATE_METHOD_MATCH = YES;
				CODE_SIGN_IDENTITY = "iPhone Developer";
				COPY_PHASE_STRIP = NO;
				DEBUG_INFORMATION_FORMAT = dwarf;
				ENABLE_STRICT_OBJC_MSGSEND = YES;
				ENABLE_TESTABILITY = YES;
				GCC_C_LANGUAGE_STANDARD = gnu11;
				GCC_DYNAMIC_NO_PIC = NO;
				GCC_NO_COMMON_BLOCKS = YES;
				GCC_OPTIMIZATION_LEVEL = 0;
				GCC_PREPROCESSOR_DEFINITIONS = (
					"DEBUG=1",
					"$(inherited)",
				);
				GCC_WARN_64_TO_32_BIT_CONVERSION = YES;
				GCC_WARN_ABOUT_RETURN_TYPE = YES_ERROR;
				GCC_WARN_UNDECLARED_SELECTOR = YES;
				GCC_WARN_UNINITIALIZED_AUTOS = YES_AGGRESSIVE;
				GCC_WARN_UNUSED_FUNCTION = YES;
				GCC_WARN_UNUSED_VARIABLE = YES;
				IPHONEOS_DEPLOYMENT_TARGET = 11.2;
				MTL_ENABLE_DEBUG_INFO = YES;
				ONLY_ACTIVE_ARCH = YES;
				SDKROOT = iphoneos;
				SWIFT_ACTIVE_COMPILATION_CONDITIONS = DEBUG;
				SWIFT_OPTIMIZATION_LEVEL = "-Onone";
			};
			name = Debug;
		};
		B83E0CEB2061E2CB00DEE246 /* Release */ = {
			isa = XCBuildConfiguration;
			buildSettings = {
				ALWAYS_SEARCH_USER_PATHS = NO;
				CLANG_ANALYZER_NONNULL = YES;
				CLANG_ANALYZER_NUMBER_OBJECT_CONVERSION = YES_AGGRESSIVE;
				CLANG_CXX_LANGUAGE_STANDARD = "gnu++14";
				CLANG_CXX_LIBRARY = "libc++";
				CLANG_ENABLE_MODULES = YES;
				CLANG_ENABLE_OBJC_ARC = YES;
				CLANG_WARN_BLOCK_CAPTURE_AUTORELEASING = YES;
				CLANG_WARN_BOOL_CONVERSION = YES;
				CLANG_WARN_COMMA = YES;
				CLANG_WARN_CONSTANT_CONVERSION = YES;
				CLANG_WARN_DIRECT_OBJC_ISA_USAGE = YES_ERROR;
				CLANG_WARN_DOCUMENTATION_COMMENTS = YES;
				CLANG_WARN_EMPTY_BODY = YES;
				CLANG_WARN_ENUM_CONVERSION = YES;
				CLANG_WARN_INFINITE_RECURSION = YES;
				CLANG_WARN_INT_CONVERSION = YES;
				CLANG_WARN_NON_LITERAL_NULL_CONVERSION = YES;
				CLANG_WARN_OBJC_LITERAL_CONVERSION = YES;
				CLANG_WARN_OBJC_ROOT_CLASS = YES_ERROR;
				CLANG_WARN_RANGE_LOOP_ANALYSIS = YES;
				CLANG_WARN_STRICT_PROTOTYPES = YES;
				CLANG_WARN_SUSPICIOUS_MOVE = YES;
				CLANG_WARN_UNGUARDED_AVAILABILITY = YES_AGGRESSIVE;
				CLANG_WARN_UNREACHABLE_CODE = YES;
				CLANG_WARN__DUPLICATE_METHOD_MATCH = YES;
				CODE_SIGN_IDENTITY = "iPhone Developer";
				COPY_PHASE_STRIP = NO;
				DEBUG_INFORMATION_FORMAT = "dwarf-with-dsym";
				ENABLE_NS_ASSERTIONS = NO;
				ENABLE_STRICT_OBJC_MSGSEND = YES;
				GCC_C_LANGUAGE_STANDARD = gnu11;
				GCC_NO_COMMON_BLOCKS = YES;
				GCC_WARN_64_TO_32_BIT_CONVERSION = YES;
				GCC_WARN_ABOUT_RETURN_TYPE = YES_ERROR;
				GCC_WARN_UNDECLARED_SELECTOR = YES;
				GCC_WARN_UNINITIALIZED_AUTOS = YES_AGGRESSIVE;
				GCC_WARN_UNUSED_FUNCTION = YES;
				GCC_WARN_UNUSED_VARIABLE = YES;
				IPHONEOS_DEPLOYMENT_TARGET = 11.2;
				MTL_ENABLE_DEBUG_INFO = NO;
				SDKROOT = iphoneos;
				SWIFT_OPTIMIZATION_LEVEL = "-Owholemodule";
				VALIDATE_PRODUCT = YES;
			};
			name = Release;
		};
		B83E0CED2061E2CB00DEE246 /* Debug */ = {
			isa = XCBuildConfiguration;
			buildSettings = {
				ASSETCATALOG_COMPILER_APPICON_NAME = AppIcon;
				CODE_SIGN_STYLE = Automatic;
				DEVELOPMENT_TEAM = E398N47F4R;
				INFOPLIST_FILE = WorkspaceSchemesApp/Info.plist;
				LD_RUNPATH_SEARCH_PATHS = "$(inherited) @executable_path/Frameworks";
				PRODUCT_BUNDLE_IDENTIFIER = com.trello.WorkspaceSchemesApp;
				PRODUCT_NAME = "$(TARGET_NAME)";
				SWIFT_VERSION = 4.0;
				TARGETED_DEVICE_FAMILY = "1,2";
			};
			name = Debug;
		};
		B83E0CEE2061E2CB00DEE246 /* Release */ = {
			isa = XCBuildConfiguration;
			buildSettings = {
				ASSETCATALOG_COMPILER_APPICON_NAME = AppIcon;
				CODE_SIGN_STYLE = Automatic;
				DEVELOPMENT_TEAM = E398N47F4R;
				INFOPLIST_FILE = WorkspaceSchemesApp/Info.plist;
				LD_RUNPATH_SEARCH_PATHS = "$(inherited) @executable_path/Frameworks";
				PRODUCT_BUNDLE_IDENTIFIER = com.trello.WorkspaceSchemesApp;
				PRODUCT_NAME = "$(TARGET_NAME)";
				SWIFT_VERSION = 4.0;
				TARGETED_DEVICE_FAMILY = "1,2";
			};
			name = Release;
		};
/* End XCBuildConfiguration section */

/* Begin XCConfigurationList section */
		B83E0CD52061E2CB00DEE246 /* Build configuration list for PBXProject "WorkspaceSchemesApp" */ = {
			isa = XCConfigurationList;
			buildConfigurations = (
				B83E0CEA2061E2CB00DEE246 /* Debug */,
				B83E0CEB2061E2CB00DEE246 /* Release */,
			);
			defaultConfigurationIsVisible = 0;
			defaultConfigurationName = Release;
		};
		B83E0CEC2061E2CB00DEE246 /* Build configuration list for PBXNativeTarget "WorkspaceSchemesApp" */ = {
			isa = XCConfigurationList;
			buildConfigurations = (
				B83E0CED2061E2CB00DEE246 /* Debug */,
				B83E0CEE2061E2CB00DEE246 /* Release */,
			);
			defaultConfigurationIsVisible = 0;
			defaultConfigurationName = Release;
		};
/* End XCConfigurationList section */
	};
	rootObject = B83E0CD22061E2CB00DEE246 /* Project object */;
}
