// !$*UTF8*$!
{
	archiveVersion = 1;
	classes = {
	};
	objectVersion = 46;
	objects = {

/* Begin PBXBuildFile section */
		2FE467571D5A605000E9FF83 /* main.m in Sources */ = {isa = PBXBuildFile; fileRef = 2FE467561D5A605000E9FF83 /* main.m */; };
		2FE4675A1D5A605000E9FF83 /* AppDelegate.m in Sources */ = {isa = PBXBuildFile; fileRef = 2FE467591D5A605000E9FF83 /* AppDelegate.m */; };
		2FE4675D1D5A605000E9FF83 /* ViewController.m in Sources */ = {isa = PBXBuildFile; fileRef = 2FE4675C1D5A605000E9FF83 /* ViewController.m */; };
		2FE467601D5A605000E9FF83 /* Main.storyboard in Resources */ = {isa = PBXBuildFile; fileRef = 2FE4675E1D5A605000E9FF83 /* Main.storyboard */; };
		2FE467621D5A605000E9FF83 /* Assets.xcassets in Resources */ = {isa = PBXBuildFile; fileRef = 2FE467611D5A605000E9FF83 /* Assets.xcassets */; };
		2FE4677C1D5A608A00E9FF83 /* ExampleTVUITests.swift in Sources */ = {isa = PBXBuildFile; fileRef = 2FE4677B1D5A608A00E9FF83 /* ExampleTVUITests.swift */; };
		2FE467831D5A609600E9FF83 /* SnapshotHelper.swift in Sources */ = {isa = PBXBuildFile; fileRef = 64D49E121BC805AC00C47C4F /* SnapshotHelper.swift */; };
		64D49E131BC805AC00C47C4F /* SnapshotHelper.swift in Sources */ = {isa = PBXBuildFile; fileRef = 64D49E121BC805AC00C47C4F /* SnapshotHelper.swift */; };
		CA0BF1641A1117FD007D51BE /* main.m in Sources */ = {isa = PBXBuildFile; fileRef = CA0BF1631A1117FD007D51BE /* main.m */; };
		CA0BF1671A1117FD007D51BE /* AppDelegate.m in Sources */ = {isa = PBXBuildFile; fileRef = CA0BF1661A1117FD007D51BE /* AppDelegate.m */; };
		CA0BF16A1A1117FD007D51BE /* FirstViewController.m in Sources */ = {isa = PBXBuildFile; fileRef = CA0BF1691A1117FD007D51BE /* FirstViewController.m */; };
		CA0BF16D1A1117FD007D51BE /* SecondViewController.m in Sources */ = {isa = PBXBuildFile; fileRef = CA0BF16C1A1117FD007D51BE /* SecondViewController.m */; };
		CA0BF1701A1117FD007D51BE /* Main.storyboard in Resources */ = {isa = PBXBuildFile; fileRef = CA0BF16E1A1117FD007D51BE /* Main.storyboard */; };
		CA0BF1721A1117FD007D51BE /* Images.xcassets in Resources */ = {isa = PBXBuildFile; fileRef = CA0BF1711A1117FD007D51BE /* Images.xcassets */; };
		CA0BF1751A1117FD007D51BE /* LaunchScreen.xib in Resources */ = {isa = PBXBuildFile; fileRef = CA0BF1731A1117FD007D51BE /* LaunchScreen.xib */; };
		CAF3CF3B1B33E9AB006CEDE9 /* ExampleUITests.swift in Sources */ = {isa = PBXBuildFile; fileRef = CAF3CF3A1B33E9AB006CEDE9 /* ExampleUITests.swift */; };
/* End PBXBuildFile section */

/* Begin PBXContainerItemProxy section */
		2FE4677E1D5A608A00E9FF83 /* PBXContainerItemProxy */ = {
			isa = PBXContainerItemProxy;
			containerPortal = CA0BF1561A1117FD007D51BE /* Project object */;
			proxyType = 1;
			remoteGlobalIDString = 2FE467521D5A605000E9FF83;
			remoteInfo = ExampleTV;
		};
		CAF3CF3D1B33E9AB006CEDE9 /* PBXContainerItemProxy */ = {
			isa = PBXContainerItemProxy;
			containerPortal = CA0BF1561A1117FD007D51BE /* Project object */;
			proxyType = 1;
			remoteGlobalIDString = CA0BF15D1A1117FD007D51BE;
			remoteInfo = Example;
		};
/* End PBXContainerItemProxy section */

/* Begin PBXFileReference section */
		2FE467531D5A605000E9FF83 /* ExampleTV.app */ = {isa = PBXFileReference; explicitFileType = wrapper.application; includeInIndex = 0; path = ExampleTV.app; sourceTree = BUILT_PRODUCTS_DIR; };
		2FE467561D5A605000E9FF83 /* main.m */ = {isa = PBXFileReference; lastKnownFileType = sourcecode.c.objc; path = main.m; sourceTree = "<group>"; };
		2FE467581D5A605000E9FF83 /* AppDelegate.h */ = {isa = PBXFileReference; lastKnownFileType = sourcecode.c.h; path = AppDelegate.h; sourceTree = "<group>"; };
		2FE467591D5A605000E9FF83 /* AppDelegate.m */ = {isa = PBXFileReference; lastKnownFileType = sourcecode.c.objc; path = AppDelegate.m; sourceTree = "<group>"; };
		2FE4675B1D5A605000E9FF83 /* ViewController.h */ = {isa = PBXFileReference; lastKnownFileType = sourcecode.c.h; path = ViewController.h; sourceTree = "<group>"; };
		2FE4675C1D5A605000E9FF83 /* ViewController.m */ = {isa = PBXFileReference; lastKnownFileType = sourcecode.c.objc; path = ViewController.m; sourceTree = "<group>"; };
		2FE4675F1D5A605000E9FF83 /* Base */ = {isa = PBXFileReference; lastKnownFileType = file.storyboard; name = Base; path = Base.lproj/Main.storyboard; sourceTree = "<group>"; };
		2FE467611D5A605000E9FF83 /* Assets.xcassets */ = {isa = PBXFileReference; lastKnownFileType = folder.assetcatalog; path = Assets.xcassets; sourceTree = "<group>"; };
		2FE467631D5A605000E9FF83 /* Info.plist */ = {isa = PBXFileReference; lastKnownFileType = text.plist.xml; path = Info.plist; sourceTree = "<group>"; };
		2FE467791D5A608A00E9FF83 /* ExampleTVUITests.xctest */ = {isa = PBXFileReference; explicitFileType = wrapper.cfbundle; includeInIndex = 0; path = ExampleTVUITests.xctest; sourceTree = BUILT_PRODUCTS_DIR; };
		2FE4677B1D5A608A00E9FF83 /* ExampleTVUITests.swift */ = {isa = PBXFileReference; lastKnownFileType = sourcecode.swift; path = ExampleTVUITests.swift; sourceTree = "<group>"; };
		2FE4677D1D5A608A00E9FF83 /* Info.plist */ = {isa = PBXFileReference; lastKnownFileType = text.plist.xml; path = Info.plist; sourceTree = "<group>"; };
		64D49E121BC805AC00C47C4F /* SnapshotHelper.swift */ = {isa = PBXFileReference; fileEncoding = 4; lastKnownFileType = sourcecode.swift; name = SnapshotHelper.swift; path = ../../lib/assets/SnapshotHelper.swift; sourceTree = "<group>"; };
		CA0BF15E1A1117FD007D51BE /* Example.app */ = {isa = PBXFileReference; explicitFileType = wrapper.application; includeInIndex = 0; path = Example.app; sourceTree = BUILT_PRODUCTS_DIR; };
		CA0BF1621A1117FD007D51BE /* Info.plist */ = {isa = PBXFileReference; lastKnownFileType = text.plist.xml; path = Info.plist; sourceTree = "<group>"; };
		CA0BF1631A1117FD007D51BE /* main.m */ = {isa = PBXFileReference; lastKnownFileType = sourcecode.c.objc; path = main.m; sourceTree = "<group>"; };
		CA0BF1651A1117FD007D51BE /* AppDelegate.h */ = {isa = PBXFileReference; lastKnownFileType = sourcecode.c.h; path = AppDelegate.h; sourceTree = "<group>"; };
		CA0BF1661A1117FD007D51BE /* AppDelegate.m */ = {isa = PBXFileReference; lastKnownFileType = sourcecode.c.objc; path = AppDelegate.m; sourceTree = "<group>"; };
		CA0BF1681A1117FD007D51BE /* FirstViewController.h */ = {isa = PBXFileReference; lastKnownFileType = sourcecode.c.h; path = FirstViewController.h; sourceTree = "<group>"; };
		CA0BF1691A1117FD007D51BE /* FirstViewController.m */ = {isa = PBXFileReference; lastKnownFileType = sourcecode.c.objc; path = FirstViewController.m; sourceTree = "<group>"; };
		CA0BF16B1A1117FD007D51BE /* SecondViewController.h */ = {isa = PBXFileReference; lastKnownFileType = sourcecode.c.h; path = SecondViewController.h; sourceTree = "<group>"; };
		CA0BF16C1A1117FD007D51BE /* SecondViewController.m */ = {isa = PBXFileReference; lastKnownFileType = sourcecode.c.objc; path = SecondViewController.m; sourceTree = "<group>"; };
		CA0BF16F1A1117FD007D51BE /* Base */ = {isa = PBXFileReference; lastKnownFileType = file.storyboard; name = Base; path = Base.lproj/Main.storyboard; sourceTree = "<group>"; };
		CA0BF1711A1117FD007D51BE /* Images.xcassets */ = {isa = PBXFileReference; lastKnownFileType = folder.assetcatalog; path = Images.xcassets; sourceTree = "<group>"; };
		CA0BF1741A1117FD007D51BE /* Base */ = {isa = PBXFileReference; lastKnownFileType = file.xib; name = Base; path = Base.lproj/LaunchScreen.xib; sourceTree = "<group>"; };
		CA0BF18A1A111823007D51BE /* de */ = {isa = PBXFileReference; lastKnownFileType = text.plist.strings; name = de; path = de.lproj/Main.strings; sourceTree = "<group>"; };
		CA0BF18B1A111823007D51BE /* de */ = {isa = PBXFileReference; lastKnownFileType = text.plist.strings; name = de; path = de.lproj/LaunchScreen.strings; sourceTree = "<group>"; };
		CA0BF18C1A111828007D51BE /* it */ = {isa = PBXFileReference; lastKnownFileType = text.plist.strings; name = it; path = it.lproj/Main.strings; sourceTree = "<group>"; };
		CA0BF18D1A111828007D51BE /* it */ = {isa = PBXFileReference; lastKnownFileType = text.plist.strings; name = it; path = it.lproj/LaunchScreen.strings; sourceTree = "<group>"; };
		CAF3CF381B33E9AB006CEDE9 /* ExampleUITests.xctest */ = {isa = PBXFileReference; explicitFileType = wrapper.cfbundle; includeInIndex = 0; path = ExampleUITests.xctest; sourceTree = BUILT_PRODUCTS_DIR; };
		CAF3CF3A1B33E9AB006CEDE9 /* ExampleUITests.swift */ = {isa = PBXFileReference; lastKnownFileType = sourcecode.swift; path = ExampleUITests.swift; sourceTree = "<group>"; };
		CAF3CF3C1B33E9AB006CEDE9 /* Info.plist */ = {isa = PBXFileReference; lastKnownFileType = text.plist.xml; path = Info.plist; sourceTree = "<group>"; };
/* End PBXFileReference section */

/* Begin PBXFrameworksBuildPhase section */
		2FE467501D5A605000E9FF83 /* Frameworks */ = {
			isa = PBXFrameworksBuildPhase;
			buildActionMask = 2147483647;
			files = (
			);
			runOnlyForDeploymentPostprocessing = 0;
		};
		2FE467761D5A608A00E9FF83 /* Frameworks */ = {
			isa = PBXFrameworksBuildPhase;
			buildActionMask = 2147483647;
			files = (
			);
			runOnlyForDeploymentPostprocessing = 0;
		};
		CA0BF15B1A1117FD007D51BE /* Frameworks */ = {
			isa = PBXFrameworksBuildPhase;
			buildActionMask = 2147483647;
			files = (
			);
			runOnlyForDeploymentPostprocessing = 0;
		};
		CAF3CF351B33E9AB006CEDE9 /* Frameworks */ = {
			isa = PBXFrameworksBuildPhase;
			buildActionMask = 2147483647;
			files = (
			);
			runOnlyForDeploymentPostprocessing = 0;
		};
/* End PBXFrameworksBuildPhase section */

/* Begin PBXGroup section */
		2FE467541D5A605000E9FF83 /* ExampleTV */ = {
			isa = PBXGroup;
			children = (
				2FE467581D5A605000E9FF83 /* AppDelegate.h */,
				2FE467591D5A605000E9FF83 /* AppDelegate.m */,
				2FE4675B1D5A605000E9FF83 /* ViewController.h */,
				2FE4675C1D5A605000E9FF83 /* ViewController.m */,
				2FE4675E1D5A605000E9FF83 /* Main.storyboard */,
				2FE467611D5A605000E9FF83 /* Assets.xcassets */,
				2FE467631D5A605000E9FF83 /* Info.plist */,
				2FE467551D5A605000E9FF83 /* Supporting Files */,
			);
			path = ExampleTV;
			sourceTree = "<group>";
		};
		2FE467551D5A605000E9FF83 /* Supporting Files */ = {
			isa = PBXGroup;
			children = (
				2FE467561D5A605000E9FF83 /* main.m */,
			);
			name = "Supporting Files";
			sourceTree = "<group>";
		};
		2FE4677A1D5A608A00E9FF83 /* ExampleTVUITests */ = {
			isa = PBXGroup;
			children = (
				2FE4677B1D5A608A00E9FF83 /* ExampleTVUITests.swift */,
				2FE4677D1D5A608A00E9FF83 /* Info.plist */,
			);
			path = ExampleTVUITests;
			sourceTree = "<group>";
		};
		CA0BF1551A1117FD007D51BE = {
			isa = PBXGroup;
			children = (
				CA0BF1601A1117FD007D51BE /* Example */,
				CAF3CF391B33E9AB006CEDE9 /* ExampleUITests */,
				2FE467541D5A605000E9FF83 /* ExampleTV */,
				2FE4677A1D5A608A00E9FF83 /* ExampleTVUITests */,
				CA0BF15F1A1117FD007D51BE /* Products */,
			);
			sourceTree = "<group>";
		};
		CA0BF15F1A1117FD007D51BE /* Products */ = {
			isa = PBXGroup;
			children = (
				CA0BF15E1A1117FD007D51BE /* Example.app */,
				CAF3CF381B33E9AB006CEDE9 /* ExampleUITests.xctest */,
				2FE467531D5A605000E9FF83 /* ExampleTV.app */,
				2FE467791D5A608A00E9FF83 /* ExampleTVUITests.xctest */,
			);
			name = Products;
			sourceTree = "<group>";
		};
		CA0BF1601A1117FD007D51BE /* Example */ = {
			isa = PBXGroup;
			children = (
				CA0BF1651A1117FD007D51BE /* AppDelegate.h */,
				CA0BF1661A1117FD007D51BE /* AppDelegate.m */,
				CA0BF1681A1117FD007D51BE /* FirstViewController.h */,
				CA0BF1691A1117FD007D51BE /* FirstViewController.m */,
				CA0BF16B1A1117FD007D51BE /* SecondViewController.h */,
				CA0BF16C1A1117FD007D51BE /* SecondViewController.m */,
				CA0BF16E1A1117FD007D51BE /* Main.storyboard */,
				CA0BF1711A1117FD007D51BE /* Images.xcassets */,
				CA0BF1731A1117FD007D51BE /* LaunchScreen.xib */,
				CA0BF1611A1117FD007D51BE /* Supporting Files */,
			);
			path = Example;
			sourceTree = "<group>";
		};
		CA0BF1611A1117FD007D51BE /* Supporting Files */ = {
			isa = PBXGroup;
			children = (
				CA0BF1621A1117FD007D51BE /* Info.plist */,
				CA0BF1631A1117FD007D51BE /* main.m */,
			);
			name = "Supporting Files";
			sourceTree = "<group>";
		};
		CAF3CF391B33E9AB006CEDE9 /* ExampleUITests */ = {
			isa = PBXGroup;
			children = (
				64D49E121BC805AC00C47C4F /* SnapshotHelper.swift */,
				CAF3CF3A1B33E9AB006CEDE9 /* ExampleUITests.swift */,
				CAF3CF3C1B33E9AB006CEDE9 /* Info.plist */,
			);
			path = ExampleUITests;
			sourceTree = "<group>";
		};
/* End PBXGroup section */

/* Begin PBXNativeTarget section */
		2FE467521D5A605000E9FF83 /* ExampleTV */ = {
			isa = PBXNativeTarget;
			buildConfigurationList = 2FE467731D5A605000E9FF83 /* Build configuration list for PBXNativeTarget "ExampleTV" */;
			buildPhases = (
				2FE4674F1D5A605000E9FF83 /* Sources */,
				2FE467501D5A605000E9FF83 /* Frameworks */,
				2FE467511D5A605000E9FF83 /* Resources */,
			);
			buildRules = (
			);
			dependencies = (
			);
			name = ExampleTV;
			productName = ExampleTV;
			productReference = 2FE467531D5A605000E9FF83 /* ExampleTV.app */;
			productType = "com.apple.product-type.application";
		};
		2FE467781D5A608A00E9FF83 /* ExampleTVUITests */ = {
			isa = PBXNativeTarget;
			buildConfigurationList = 2FE467801D5A608A00E9FF83 /* Build configuration list for PBXNativeTarget "ExampleTVUITests" */;
			buildPhases = (
				2FE467751D5A608A00E9FF83 /* Sources */,
				2FE467761D5A608A00E9FF83 /* Frameworks */,
				2FE467771D5A608A00E9FF83 /* Resources */,
			);
			buildRules = (
			);
			dependencies = (
				2FE4677F1D5A608A00E9FF83 /* PBXTargetDependency */,
			);
			name = ExampleTVUITests;
			productName = ExampleTVUITests;
			productReference = 2FE467791D5A608A00E9FF83 /* ExampleTVUITests.xctest */;
			productType = "com.apple.product-type.bundle.ui-testing";
		};
		CA0BF15D1A1117FD007D51BE /* Example */ = {
			isa = PBXNativeTarget;
			buildConfigurationList = CA0BF1841A1117FD007D51BE /* Build configuration list for PBXNativeTarget "Example" */;
			buildPhases = (
				CA0BF15A1A1117FD007D51BE /* Sources */,
				CA0BF15B1A1117FD007D51BE /* Frameworks */,
				CA0BF15C1A1117FD007D51BE /* Resources */,
			);
			buildRules = (
			);
			dependencies = (
			);
			name = Example;
			productName = Example;
			productReference = CA0BF15E1A1117FD007D51BE /* Example.app */;
			productType = "com.apple.product-type.application";
		};
		CAF3CF371B33E9AB006CEDE9 /* ExampleUITests */ = {
			isa = PBXNativeTarget;
			buildConfigurationList = CAF3CF411B33E9AB006CEDE9 /* Build configuration list for PBXNativeTarget "ExampleUITests" */;
			buildPhases = (
				CAF3CF341B33E9AB006CEDE9 /* Sources */,
				CAF3CF351B33E9AB006CEDE9 /* Frameworks */,
				CAF3CF361B33E9AB006CEDE9 /* Resources */,
			);
			buildRules = (
			);
			dependencies = (
				CAF3CF3E1B33E9AB006CEDE9 /* PBXTargetDependency */,
			);
			name = ExampleUITests;
			productName = ExampleUITests;
			productReference = CAF3CF381B33E9AB006CEDE9 /* ExampleUITests.xctest */;
			productType = "com.apple.product-type.bundle.ui-testing";
		};
/* End PBXNativeTarget section */

/* Begin PBXProject section */
		CA0BF1561A1117FD007D51BE /* Project object */ = {
			isa = PBXProject;
			attributes = {
				LastSwiftUpdateCheck = 0730;
				LastUpgradeCheck = 0610;
				ORGANIZATIONNAME = "Felix Krause";
				TargetAttributes = {
					2FE467521D5A605000E9FF83 = {
						CreatedOnToolsVersion = 7.3.1;
					};
					2FE467781D5A608A00E9FF83 = {
						CreatedOnToolsVersion = 7.3.1;
						TestTargetID = 2FE467521D5A605000E9FF83;
					};
					CA0BF15D1A1117FD007D51BE = {
						CreatedOnToolsVersion = 6.1;
						LastSwiftMigration = 0800;
					};
					CAF3CF371B33E9AB006CEDE9 = {
						CreatedOnToolsVersion = 7.0;
						LastSwiftMigration = 0800;
						TestTargetID = CA0BF15D1A1117FD007D51BE;
					};
				};
			};
			buildConfigurationList = CA0BF1591A1117FD007D51BE /* Build configuration list for PBXProject "Example" */;
			compatibilityVersion = "Xcode 3.2";
			developmentRegion = English;
			hasScannedForEncodings = 0;
			knownRegions = (
				en,
				Base,
			);
			mainGroup = CA0BF1551A1117FD007D51BE;
			productRefGroup = CA0BF15F1A1117FD007D51BE /* Products */;
			projectDirPath = "";
			projectRoot = "";
			targets = (
				CA0BF15D1A1117FD007D51BE /* Example */,
				CAF3CF371B33E9AB006CEDE9 /* ExampleUITests */,
				2FE467521D5A605000E9FF83 /* ExampleTV */,
				2FE467781D5A608A00E9FF83 /* ExampleTVUITests */,
			);
		};
/* End PBXProject section */

/* Begin PBXResourcesBuildPhase section */
		2FE467511D5A605000E9FF83 /* Resources */ = {
			isa = PBXResourcesBuildPhase;
			buildActionMask = 2147483647;
			files = (
				2FE467621D5A605000E9FF83 /* Assets.xcassets in Resources */,
				2FE467601D5A605000E9FF83 /* Main.storyboard in Resources */,
			);
			runOnlyForDeploymentPostprocessing = 0;
		};
		2FE467771D5A608A00E9FF83 /* Resources */ = {
			isa = PBXResourcesBuildPhase;
			buildActionMask = 2147483647;
			files = (
			);
			runOnlyForDeploymentPostprocessing = 0;
		};
		CA0BF15C1A1117FD007D51BE /* Resources */ = {
			isa = PBXResourcesBuildPhase;
			buildActionMask = 2147483647;
			files = (
				CA0BF1701A1117FD007D51BE /* Main.storyboard in Resources */,
				CA0BF1751A1117FD007D51BE /* LaunchScreen.xib in Resources */,
				CA0BF1721A1117FD007D51BE /* Images.xcassets in Resources */,
			);
			runOnlyForDeploymentPostprocessing = 0;
		};
		CAF3CF361B33E9AB006CEDE9 /* Resources */ = {
			isa = PBXResourcesBuildPhase;
			buildActionMask = 2147483647;
			files = (
			);
			runOnlyForDeploymentPostprocessing = 0;
		};
/* End PBXResourcesBuildPhase section */

/* Begin PBXSourcesBuildPhase section */
		2FE4674F1D5A605000E9FF83 /* Sources */ = {
			isa = PBXSourcesBuildPhase;
			buildActionMask = 2147483647;
			files = (
				2FE4675D1D5A605000E9FF83 /* ViewController.m in Sources */,
				2FE4675A1D5A605000E9FF83 /* AppDelegate.m in Sources */,
				2FE467571D5A605000E9FF83 /* main.m in Sources */,
			);
			runOnlyForDeploymentPostprocessing = 0;
		};
		2FE467751D5A608A00E9FF83 /* Sources */ = {
			isa = PBXSourcesBuildPhase;
			buildActionMask = 2147483647;
			files = (
				2FE4677C1D5A608A00E9FF83 /* ExampleTVUITests.swift in Sources */,
				2FE467831D5A609600E9FF83 /* SnapshotHelper.swift in Sources */,
			);
			runOnlyForDeploymentPostprocessing = 0;
		};
		CA0BF15A1A1117FD007D51BE /* Sources */ = {
			isa = PBXSourcesBuildPhase;
			buildActionMask = 2147483647;
			files = (
				CA0BF16D1A1117FD007D51BE /* SecondViewController.m in Sources */,
				CA0BF1671A1117FD007D51BE /* AppDelegate.m in Sources */,
				CA0BF16A1A1117FD007D51BE /* FirstViewController.m in Sources */,
				CA0BF1641A1117FD007D51BE /* main.m in Sources */,
			);
			runOnlyForDeploymentPostprocessing = 0;
		};
		CAF3CF341B33E9AB006CEDE9 /* Sources */ = {
			isa = PBXSourcesBuildPhase;
			buildActionMask = 2147483647;
			files = (
				CAF3CF3B1B33E9AB006CEDE9 /* ExampleUITests.swift in Sources */,
				64D49E131BC805AC00C47C4F /* SnapshotHelper.swift in Sources */,
			);
			runOnlyForDeploymentPostprocessing = 0;
		};
/* End PBXSourcesBuildPhase section */

/* Begin PBXTargetDependency section */
		2FE4677F1D5A608A00E9FF83 /* PBXTargetDependency */ = {
			isa = PBXTargetDependency;
			target = 2FE467521D5A605000E9FF83 /* ExampleTV */;
			targetProxy = 2FE4677E1D5A608A00E9FF83 /* PBXContainerItemProxy */;
		};
		CAF3CF3E1B33E9AB006CEDE9 /* PBXTargetDependency */ = {
			isa = PBXTargetDependency;
			target = CA0BF15D1A1117FD007D51BE /* Example */;
			targetProxy = CAF3CF3D1B33E9AB006CEDE9 /* PBXContainerItemProxy */;
		};
/* End PBXTargetDependency section */

/* Begin PBXVariantGroup section */
		2FE4675E1D5A605000E9FF83 /* Main.storyboard */ = {
			isa = PBXVariantGroup;
			children = (
				2FE4675F1D5A605000E9FF83 /* Base */,
			);
			name = Main.storyboard;
			sourceTree = "<group>";
		};
		CA0BF16E1A1117FD007D51BE /* Main.storyboard */ = {
			isa = PBXVariantGroup;
			children = (
				CA0BF16F1A1117FD007D51BE /* Base */,
				CA0BF18A1A111823007D51BE /* de */,
				CA0BF18C1A111828007D51BE /* it */,
			);
			name = Main.storyboard;
			sourceTree = "<group>";
		};
		CA0BF1731A1117FD007D51BE /* LaunchScreen.xib */ = {
			isa = PBXVariantGroup;
			children = (
				CA0BF1741A1117FD007D51BE /* Base */,
				CA0BF18B1A111823007D51BE /* de */,
				CA0BF18D1A111828007D51BE /* it */,
			);
			name = LaunchScreen.xib;
			sourceTree = "<group>";
		};
/* End PBXVariantGroup section */

/* Begin XCBuildConfiguration section */
		2FE4676F1D5A605000E9FF83 /* Debug */ = {
			isa = XCBuildConfiguration;
			buildSettings = {
				ASSETCATALOG_COMPILER_APPICON_NAME = "App Icon & Top Shelf Image";
				ASSETCATALOG_COMPILER_LAUNCHIMAGE_NAME = LaunchImage;
				CLANG_ANALYZER_NONNULL = YES;
				DEBUG_INFORMATION_FORMAT = dwarf;
				ENABLE_TESTABILITY = YES;
				GCC_NO_COMMON_BLOCKS = YES;
				INFOPLIST_FILE = ExampleTV/Info.plist;
				LD_RUNPATH_SEARCH_PATHS = "$(inherited) @executable_path/Frameworks";
				PRODUCT_BUNDLE_IDENTIFIER = tools.fastlane.ExampleTV;
				PRODUCT_NAME = "$(TARGET_NAME)";
				SDKROOT = appletvos;
				TARGETED_DEVICE_FAMILY = 3;
				TVOS_DEPLOYMENT_TARGET = 9.2;
			};
			name = Debug;
		};
		2FE467701D5A605000E9FF83 /* Release */ = {
			isa = XCBuildConfiguration;
			buildSettings = {
				ASSETCATALOG_COMPILER_APPICON_NAME = "App Icon & Top Shelf Image";
				ASSETCATALOG_COMPILER_LAUNCHIMAGE_NAME = LaunchImage;
				CLANG_ANALYZER_NONNULL = YES;
				COPY_PHASE_STRIP = NO;
				DEBUG_INFORMATION_FORMAT = "dwarf-with-dsym";
				GCC_NO_COMMON_BLOCKS = YES;
				INFOPLIST_FILE = ExampleTV/Info.plist;
				LD_RUNPATH_SEARCH_PATHS = "$(inherited) @executable_path/Frameworks";
				PRODUCT_BUNDLE_IDENTIFIER = tools.fastlane.ExampleTV;
				PRODUCT_NAME = "$(TARGET_NAME)";
				SDKROOT = appletvos;
				TARGETED_DEVICE_FAMILY = 3;
				TVOS_DEPLOYMENT_TARGET = 9.2;
			};
			name = Release;
		};
		2FE467811D5A608A00E9FF83 /* Debug */ = {
			isa = XCBuildConfiguration;
			buildSettings = {
				CLANG_ANALYZER_NONNULL = YES;
				DEBUG_INFORMATION_FORMAT = dwarf;
				ENABLE_TESTABILITY = YES;
				GCC_NO_COMMON_BLOCKS = YES;
				INFOPLIST_FILE = ExampleTVUITests/Info.plist;
				LD_RUNPATH_SEARCH_PATHS = "$(inherited) @executable_path/Frameworks @loader_path/Frameworks";
				PRODUCT_BUNDLE_IDENTIFIER = tools.fastlane.ExampleTVUITests;
				PRODUCT_NAME = "$(TARGET_NAME)";
				SDKROOT = appletvos;
				SWIFT_OPTIMIZATION_LEVEL = "-Onone";
				TEST_TARGET_NAME = ExampleTV;
				TVOS_DEPLOYMENT_TARGET = 9.2;
			};
			name = Debug;
		};
		2FE467821D5A608A00E9FF83 /* Release */ = {
			isa = XCBuildConfiguration;
			buildSettings = {
				CLANG_ANALYZER_NONNULL = YES;
				COPY_PHASE_STRIP = NO;
				DEBUG_INFORMATION_FORMAT = "dwarf-with-dsym";
				GCC_NO_COMMON_BLOCKS = YES;
				INFOPLIST_FILE = ExampleTVUITests/Info.plist;
				LD_RUNPATH_SEARCH_PATHS = "$(inherited) @executable_path/Frameworks @loader_path/Frameworks";
				PRODUCT_BUNDLE_IDENTIFIER = tools.fastlane.ExampleTVUITests;
				PRODUCT_NAME = "$(TARGET_NAME)";
				SDKROOT = appletvos;
				TEST_TARGET_NAME = ExampleTV;
				TVOS_DEPLOYMENT_TARGET = 9.2;
			};
			name = Release;
		};
		CA0BF1821A1117FD007D51BE /* Debug */ = {
			isa = XCBuildConfiguration;
			buildSettings = {
				ALWAYS_SEARCH_USER_PATHS = NO;
				CLANG_CXX_LANGUAGE_STANDARD = "gnu++0x";
				CLANG_CXX_LIBRARY = "libc++";
				CLANG_ENABLE_MODULES = YES;
				CLANG_ENABLE_OBJC_ARC = YES;
				CLANG_WARN_BOOL_CONVERSION = YES;
				CLANG_WARN_CONSTANT_CONVERSION = YES;
				CLANG_WARN_DIRECT_OBJC_ISA_USAGE = YES_ERROR;
				CLANG_WARN_EMPTY_BODY = YES;
				CLANG_WARN_ENUM_CONVERSION = YES;
				CLANG_WARN_INT_CONVERSION = YES;
				CLANG_WARN_OBJC_ROOT_CLASS = YES_ERROR;
				CLANG_WARN_UNREACHABLE_CODE = YES;
				CLANG_WARN__DUPLICATE_METHOD_MATCH = YES;
				"CODE_SIGN_IDENTITY[sdk=iphoneos*]" = "iPhone Developer";
				COPY_PHASE_STRIP = NO;
				ENABLE_STRICT_OBJC_MSGSEND = YES;
				GCC_C_LANGUAGE_STANDARD = gnu99;
				GCC_DYNAMIC_NO_PIC = NO;
				GCC_OPTIMIZATION_LEVEL = 0;
				GCC_PREPROCESSOR_DEFINITIONS = (
					"DEBUG=1",
					"$(inherited)",
				);
				GCC_SYMBOLS_PRIVATE_EXTERN = NO;
				GCC_WARN_64_TO_32_BIT_CONVERSION = YES;
				GCC_WARN_ABOUT_RETURN_TYPE = YES_ERROR;
				GCC_WARN_UNDECLARED_SELECTOR = YES;
				GCC_WARN_UNINITIALIZED_AUTOS = YES_AGGRESSIVE;
				GCC_WARN_UNUSED_FUNCTION = YES;
				GCC_WARN_UNUSED_VARIABLE = YES;
				IPHONEOS_DEPLOYMENT_TARGET = 8.1;
				MTL_ENABLE_DEBUG_INFO = YES;
				ONLY_ACTIVE_ARCH = YES;
				SDKROOT = iphoneos;
			};
			name = Debug;
		};
		CA0BF1831A1117FD007D51BE /* Release */ = {
			isa = XCBuildConfiguration;
			buildSettings = {
				ALWAYS_SEARCH_USER_PATHS = NO;
				CLANG_CXX_LANGUAGE_STANDARD = "gnu++0x";
				CLANG_CXX_LIBRARY = "libc++";
				CLANG_ENABLE_MODULES = YES;
				CLANG_ENABLE_OBJC_ARC = YES;
				CLANG_WARN_BOOL_CONVERSION = YES;
				CLANG_WARN_CONSTANT_CONVERSION = YES;
				CLANG_WARN_DIRECT_OBJC_ISA_USAGE = YES_ERROR;
				CLANG_WARN_EMPTY_BODY = YES;
				CLANG_WARN_ENUM_CONVERSION = YES;
				CLANG_WARN_INT_CONVERSION = YES;
				CLANG_WARN_OBJC_ROOT_CLASS = YES_ERROR;
				CLANG_WARN_UNREACHABLE_CODE = YES;
				CLANG_WARN__DUPLICATE_METHOD_MATCH = YES;
				"CODE_SIGN_IDENTITY[sdk=iphoneos*]" = "iPhone Developer";
				COPY_PHASE_STRIP = YES;
				ENABLE_NS_ASSERTIONS = NO;
				ENABLE_STRICT_OBJC_MSGSEND = YES;
				GCC_C_LANGUAGE_STANDARD = gnu99;
				GCC_WARN_64_TO_32_BIT_CONVERSION = YES;
				GCC_WARN_ABOUT_RETURN_TYPE = YES_ERROR;
				GCC_WARN_UNDECLARED_SELECTOR = YES;
				GCC_WARN_UNINITIALIZED_AUTOS = YES_AGGRESSIVE;
				GCC_WARN_UNUSED_FUNCTION = YES;
				GCC_WARN_UNUSED_VARIABLE = YES;
				IPHONEOS_DEPLOYMENT_TARGET = 8.1;
				MTL_ENABLE_DEBUG_INFO = NO;
				SDKROOT = iphoneos;
				VALIDATE_PRODUCT = YES;
			};
			name = Release;
		};
		CA0BF1851A1117FD007D51BE /* Debug */ = {
			isa = XCBuildConfiguration;
			buildSettings = {
				ASSETCATALOG_COMPILER_APPICON_NAME = AppIcon;
				INFOPLIST_FILE = Example/Info.plist;
				LD_RUNPATH_SEARCH_PATHS = "$(inherited) @executable_path/Frameworks";
				PRODUCT_NAME = "$(TARGET_NAME)";
				SWIFT_VERSION = 3.0;
			};
			name = Debug;
		};
		CA0BF1861A1117FD007D51BE /* Release */ = {
			isa = XCBuildConfiguration;
			buildSettings = {
				ASSETCATALOG_COMPILER_APPICON_NAME = AppIcon;
				INFOPLIST_FILE = Example/Info.plist;
				LD_RUNPATH_SEARCH_PATHS = "$(inherited) @executable_path/Frameworks";
				PRODUCT_NAME = "$(TARGET_NAME)";
				SWIFT_VERSION = 3.0;
			};
			name = Release;
		};
		CAF3CF3F1B33E9AB006CEDE9 /* Debug */ = {
			isa = XCBuildConfiguration;
			buildSettings = {
				CLANG_ENABLE_MODULES = YES;
				DEBUG_INFORMATION_FORMAT = dwarf;
				ENABLE_TESTABILITY = YES;
				GCC_NO_COMMON_BLOCKS = YES;
				INFOPLIST_FILE = ExampleUITests/Info.plist;
				IPHONEOS_DEPLOYMENT_TARGET = 9.0;
				LD_RUNPATH_SEARCH_PATHS = "$(inherited) @executable_path/Frameworks @loader_path/Frameworks";
				PRODUCT_BUNDLE_IDENTIFIER = com.krausefx.ExampleUITests;
				PRODUCT_NAME = "$(TARGET_NAME)";
				SWIFT_OPTIMIZATION_LEVEL = "-Onone";
				SWIFT_VERSION = 3.0;
				TEST_TARGET_NAME = Example;
				USES_XCTRUNNER = YES;
			};
			name = Debug;
		};
		CAF3CF401B33E9AB006CEDE9 /* Release */ = {
			isa = XCBuildConfiguration;
			buildSettings = {
				CLANG_ENABLE_MODULES = YES;
				COPY_PHASE_STRIP = NO;
				DEBUG_INFORMATION_FORMAT = "dwarf-with-dsym";
				GCC_NO_COMMON_BLOCKS = YES;
				INFOPLIST_FILE = ExampleUITests/Info.plist;
				IPHONEOS_DEPLOYMENT_TARGET = 9.0;
				LD_RUNPATH_SEARCH_PATHS = "$(inherited) @executable_path/Frameworks @loader_path/Frameworks";
				PRODUCT_BUNDLE_IDENTIFIER = com.krausefx.ExampleUITests;
				PRODUCT_NAME = "$(TARGET_NAME)";
				SWIFT_VERSION = 3.0;
				TEST_TARGET_NAME = Example;
				USES_XCTRUNNER = YES;
			};
			name = Release;
		};
/* End XCBuildConfiguration section */

/* Begin XCConfigurationList section */
		2FE467731D5A605000E9FF83 /* Build configuration list for PBXNativeTarget "ExampleTV" */ = {
			isa = XCConfigurationList;
			buildConfigurations = (
				2FE4676F1D5A605000E9FF83 /* Debug */,
				2FE467701D5A605000E9FF83 /* Release */,
			);
			defaultConfigurationIsVisible = 0;
			defaultConfigurationName = Release;
		};
		2FE467801D5A608A00E9FF83 /* Build configuration list for PBXNativeTarget "ExampleTVUITests" */ = {
			isa = XCConfigurationList;
			buildConfigurations = (
				2FE467811D5A608A00E9FF83 /* Debug */,
				2FE467821D5A608A00E9FF83 /* Release */,
			);
			defaultConfigurationIsVisible = 0;
			defaultConfigurationName = Release;
		};
		CA0BF1591A1117FD007D51BE /* Build configuration list for PBXProject "Example" */ = {
			isa = XCConfigurationList;
			buildConfigurations = (
				CA0BF1821A1117FD007D51BE /* Debug */,
				CA0BF1831A1117FD007D51BE /* Release */,
			);
			defaultConfigurationIsVisible = 0;
			defaultConfigurationName = Release;
		};
		CA0BF1841A1117FD007D51BE /* Build configuration list for PBXNativeTarget "Example" */ = {
			isa = XCConfigurationList;
			buildConfigurations = (
				CA0BF1851A1117FD007D51BE /* Debug */,
				CA0BF1861A1117FD007D51BE /* Release */,
			);
			defaultConfigurationIsVisible = 0;
			defaultConfigurationName = Release;
		};
		CAF3CF411B33E9AB006CEDE9 /* Build configuration list for PBXNativeTarget "ExampleUITests" */ = {
			isa = XCConfigurationList;
			buildConfigurations = (
				CAF3CF3F1B33E9AB006CEDE9 /* Debug */,
				CAF3CF401B33E9AB006CEDE9 /* Release */,
			);
			defaultConfigurationIsVisible = 0;
			defaultConfigurationName = Release;
		};
/* End XCConfigurationList section */
	};
	rootObject = CA0BF1561A1117FD007D51BE /* Project object */;
}
