---
name: Lock issues and pull requests
on:
  schedule:
    - cron: "0 0 * * *" # Every day at midnight

jobs:
  lock:
    name: Lock closed and inactive issues and pull requests
    runs-on: ubuntu-latest
    steps:
      - uses: fastlane/github-actions/lock@latest
        with:
          repo-token: '${{ secrets.BOT_GITHUB_TOKEN }}'
          days-before-lock: 60
